// !$*UTF8*$!
{
	archiveVersion = 1;
	classes = {
	};
	objectVersion = 56;
	objects = {

/* Begin PBXBuildFile section */
		77EC0D7D2C1B5ED1002FCB4F /* AppDelegate.swift in Sources */ = {isa = PBXBuildFile; fileRef = 77EC0D7C2C1B5ED1002FCB4F /* AppDelegate.swift */; };
		77EC0D7F2C1B5ED1002FCB4F /* SceneDelegate.swift in Sources */ = {isa = PBXBuildFile; fileRef = 77EC0D7E2C1B5ED1002FCB4F /* SceneDelegate.swift */; };
		77EC0D862C1B5ED2002FCB4F /* Assets.xcassets in Resources */ = {isa = PBXBuildFile; fileRef = 77EC0D852C1B5ED2002FCB4F /* Assets.xcassets */; };
		77EC0D892C1B5ED2002FCB4F /* Base in Resources */ = {isa = PBXBuildFile; fileRef = 77EC0D882C1B5ED2002FCB4F /* Base */; };
		77EC0D942C1B5ED2002FCB4F /* PiazzaTests.swift in Sources */ = {isa = PBXBuildFile; fileRef = 77EC0D932C1B5ED2002FCB4F /* PiazzaTests.swift */; };
		77EC0D9E2C1B5ED3002FCB4F /* PiazzaUITests.swift in Sources */ = {isa = PBXBuildFile; fileRef = 77EC0D9D2C1B5ED3002FCB4F /* PiazzaUITests.swift */; };
		77EC0DA02C1B5ED3002FCB4F /* PiazzaUITestsLaunchTests.swift in Sources */ = {isa = PBXBuildFile; fileRef = 77EC0D9F2C1B5ED3002FCB4F /* PiazzaUITestsLaunchTests.swift */; };
		77EC0DAF2C2233C4002FCB4F /* Api.swift in Sources */ = {isa = PBXBuildFile; fileRef = 77EC0DAE2C2233C4002FCB4F /* Api.swift */; };
		77EC0DB12C2234B9002FCB4F /* RootViewController.swift in Sources */ = {isa = PBXBuildFile; fileRef = 77EC0DB02C2234B9002FCB4F /* RootViewController.swift */; };
		77EC0DB42C224C66002FCB4F /* Localizable.strings in Resources */ = {isa = PBXBuildFile; fileRef = 77EC0DB22C224C66002FCB4F /* Localizable.strings */; };
		77EC0DB82C224F55002FCB4F /* RoutingController.swift in Sources */ = {isa = PBXBuildFile; fileRef = 77EC0DB72C224F55002FCB4F /* RoutingController.swift */; };
		77EC0DBA2C224F8C002FCB4F /* BaseNavigationController.swift in Sources */ = {isa = PBXBuildFile; fileRef = 77EC0DB92C224F8C002FCB4F /* BaseNavigationController.swift */; };
		77EC0DBC2C225086002FCB4F /* path_configuration.json in Resources */ = {isa = PBXBuildFile; fileRef = 77EC0DBB2C225086002FCB4F /* path_configuration.json */; };
		77EC0DBE2C2250D2002FCB4F /* Global.swift in Sources */ = {isa = PBXBuildFile; fileRef = 77EC0DBD2C2250D2002FCB4F /* Global.swift */; };
		77EC0DC12C225593002FCB4F /* Turbo in Frameworks */ = {isa = PBXBuildFile; productRef = 77EC0DC02C225593002FCB4F /* Turbo */; };
		77EC0DC32C232A7C002FCB4F /* WebViewController.swift in Sources */ = {isa = PBXBuildFile; fileRef = 77EC0DC22C232A7C002FCB4F /* WebViewController.swift */; };
		77EC0DC52C232B56002FCB4F /* ViewControllerVendor.swift in Sources */ = {isa = PBXBuildFile; fileRef = 77EC0DC42C232B56002FCB4F /* ViewControllerVendor.swift */; };
		77EC0DC72C23389F002FCB4F /* PathDirectable.swift in Sources */ = {isa = PBXBuildFile; fileRef = 77EC0DC62C23389F002FCB4F /* PathDirectable.swift */; };
		77EC0DCA2C23462F002FCB4F /* Strada in Frameworks */ = {isa = PBXBuildFile; productRef = 77EC0DC92C23462F002FCB4F /* Strada */; };
		77EC0DCC2C2346F5002FCB4F /* BridgeComponent+Piazza.swift in Sources */ = {isa = PBXBuildFile; fileRef = 77EC0DCB2C2346F5002FCB4F /* BridgeComponent+Piazza.swift */; };
		77EC0DCE2C23473B002FCB4F /* NavMenuComponent.swift in Sources */ = {isa = PBXBuildFile; fileRef = 77EC0DCD2C23473B002FCB4F /* NavMenuComponent.swift */; };
/* End PBXBuildFile section */

/* Begin PBXContainerItemProxy section */
		77EC0D902C1B5ED2002FCB4F /* PBXContainerItemProxy */ = {
			isa = PBXContainerItemProxy;
			containerPortal = 77EC0D712C1B5ED1002FCB4F /* Project object */;
			proxyType = 1;
			remoteGlobalIDString = 77EC0D782C1B5ED1002FCB4F;
			remoteInfo = Piazza;
		};
		77EC0D9A2C1B5ED3002FCB4F /* PBXContainerItemProxy */ = {
			isa = PBXContainerItemProxy;
			containerPortal = 77EC0D712C1B5ED1002FCB4F /* Project object */;
			proxyType = 1;
			remoteGlobalIDString = 77EC0D782C1B5ED1002FCB4F;
			remoteInfo = Piazza;
		};
/* End PBXContainerItemProxy section */

/* Begin PBXFileReference section */
		77EC0D792C1B5ED1002FCB4F /* Piazza.app */ = {isa = PBXFileReference; explicitFileType = wrapper.application; includeInIndex = 0; path = Piazza.app; sourceTree = BUILT_PRODUCTS_DIR; };
		77EC0D7C2C1B5ED1002FCB4F /* AppDelegate.swift */ = {isa = PBXFileReference; lastKnownFileType = sourcecode.swift; path = AppDelegate.swift; sourceTree = "<group>"; };
		77EC0D7E2C1B5ED1002FCB4F /* SceneDelegate.swift */ = {isa = PBXFileReference; lastKnownFileType = sourcecode.swift; path = SceneDelegate.swift; sourceTree = "<group>"; };
		77EC0D852C1B5ED2002FCB4F /* Assets.xcassets */ = {isa = PBXFileReference; lastKnownFileType = folder.assetcatalog; path = Assets.xcassets; sourceTree = "<group>"; };
		77EC0D882C1B5ED2002FCB4F /* Base */ = {isa = PBXFileReference; lastKnownFileType = file.storyboard; name = Base; path = Base.lproj/LaunchScreen.storyboard; sourceTree = "<group>"; };
		77EC0D8A2C1B5ED2002FCB4F /* Info.plist */ = {isa = PBXFileReference; lastKnownFileType = text.plist.xml; path = Info.plist; sourceTree = "<group>"; };
		77EC0D8F2C1B5ED2002FCB4F /* PiazzaTests.xctest */ = {isa = PBXFileReference; explicitFileType = wrapper.cfbundle; includeInIndex = 0; path = PiazzaTests.xctest; sourceTree = BUILT_PRODUCTS_DIR; };
		77EC0D932C1B5ED2002FCB4F /* PiazzaTests.swift */ = {isa = PBXFileReference; lastKnownFileType = sourcecode.swift; path = PiazzaTests.swift; sourceTree = "<group>"; };
		77EC0D992C1B5ED3002FCB4F /* PiazzaUITests.xctest */ = {isa = PBXFileReference; explicitFileType = wrapper.cfbundle; includeInIndex = 0; path = PiazzaUITests.xctest; sourceTree = BUILT_PRODUCTS_DIR; };
		77EC0D9D2C1B5ED3002FCB4F /* PiazzaUITests.swift */ = {isa = PBXFileReference; lastKnownFileType = sourcecode.swift; path = PiazzaUITests.swift; sourceTree = "<group>"; };
		77EC0D9F2C1B5ED3002FCB4F /* PiazzaUITestsLaunchTests.swift */ = {isa = PBXFileReference; lastKnownFileType = sourcecode.swift; path = PiazzaUITestsLaunchTests.swift; sourceTree = "<group>"; };
		77EC0DAE2C2233C4002FCB4F /* Api.swift */ = {isa = PBXFileReference; lastKnownFileType = sourcecode.swift; path = Api.swift; sourceTree = "<group>"; };
		77EC0DB02C2234B9002FCB4F /* RootViewController.swift */ = {isa = PBXFileReference; lastKnownFileType = sourcecode.swift; path = RootViewController.swift; sourceTree = "<group>"; };
		77EC0DB32C224C66002FCB4F /* en */ = {isa = PBXFileReference; lastKnownFileType = text.plist.strings; name = en; path = en.lproj/Localizable.strings; sourceTree = "<group>"; };
		77EC0DB72C224F55002FCB4F /* RoutingController.swift */ = {isa = PBXFileReference; lastKnownFileType = sourcecode.swift; path = RoutingController.swift; sourceTree = "<group>"; };
		77EC0DB92C224F8C002FCB4F /* BaseNavigationController.swift */ = {isa = PBXFileReference; lastKnownFileType = sourcecode.swift; path = BaseNavigationController.swift; sourceTree = "<group>"; };
		77EC0DBB2C225086002FCB4F /* path_configuration.json */ = {isa = PBXFileReference; lastKnownFileType = text.json; path = path_configuration.json; sourceTree = "<group>"; };
		77EC0DBD2C2250D2002FCB4F /* Global.swift */ = {isa = PBXFileReference; lastKnownFileType = sourcecode.swift; path = Global.swift; sourceTree = "<group>"; };
		77EC0DC22C232A7C002FCB4F /* WebViewController.swift */ = {isa = PBXFileReference; lastKnownFileType = sourcecode.swift; path = WebViewController.swift; sourceTree = "<group>"; };
		77EC0DC42C232B56002FCB4F /* ViewControllerVendor.swift */ = {isa = PBXFileReference; lastKnownFileType = sourcecode.swift; path = ViewControllerVendor.swift; sourceTree = "<group>"; };
		77EC0DC62C23389F002FCB4F /* PathDirectable.swift */ = {isa = PBXFileReference; lastKnownFileType = sourcecode.swift; path = PathDirectable.swift; sourceTree = "<group>"; };
		77EC0DCB2C2346F5002FCB4F /* BridgeComponent+Piazza.swift */ = {isa = PBXFileReference; lastKnownFileType = sourcecode.swift; path = "BridgeComponent+Piazza.swift"; sourceTree = "<group>"; };
		77EC0DCD2C23473B002FCB4F /* NavMenuComponent.swift */ = {isa = PBXFileReference; lastKnownFileType = sourcecode.swift; path = NavMenuComponent.swift; sourceTree = "<group>"; };
/* End PBXFileReference section */

/* Begin PBXFrameworksBuildPhase section */
		77EC0D762C1B5ED1002FCB4F /* Frameworks */ = {
			isa = PBXFrameworksBuildPhase;
			buildActionMask = 2147483647;
			files = (
				77EC0DC12C225593002FCB4F /* Turbo in Frameworks */,
				77EC0DCA2C23462F002FCB4F /* Strada in Frameworks */,
			);
			runOnlyForDeploymentPostprocessing = 0;
		};
		77EC0D8C2C1B5ED2002FCB4F /* Frameworks */ = {
			isa = PBXFrameworksBuildPhase;
			buildActionMask = 2147483647;
			files = (
			);
			runOnlyForDeploymentPostprocessing = 0;
		};
		77EC0D962C1B5ED3002FCB4F /* Frameworks */ = {
			isa = PBXFrameworksBuildPhase;
			buildActionMask = 2147483647;
			files = (
			);
			runOnlyForDeploymentPostprocessing = 0;
		};
/* End PBXFrameworksBuildPhase section */

/* Begin PBXGroup section */
		77EC0D702C1B5ED1002FCB4F = {
			isa = PBXGroup;
			children = (
				77EC0D7B2C1B5ED1002FCB4F /* Piazza */,
				77EC0D922C1B5ED2002FCB4F /* PiazzaTests */,
				77EC0D9C2C1B5ED3002FCB4F /* PiazzaUITests */,
				77EC0D7A2C1B5ED1002FCB4F /* Products */,
				77EC0DBF2C225593002FCB4F /* Frameworks */,
			);
			sourceTree = "<group>";
		};
		77EC0D7A2C1B5ED1002FCB4F /* Products */ = {
			isa = PBXGroup;
			children = (
				77EC0D792C1B5ED1002FCB4F /* Piazza.app */,
				77EC0D8F2C1B5ED2002FCB4F /* PiazzaTests.xctest */,
				77EC0D992C1B5ED3002FCB4F /* PiazzaUITests.xctest */,
			);
			name = Products;
			sourceTree = "<group>";
		};
		77EC0D7B2C1B5ED1002FCB4F /* Piazza */ = {
			isa = PBXGroup;
			children = (
				77EC0D7C2C1B5ED1002FCB4F /* AppDelegate.swift */,
				77EC0DB72C224F55002FCB4F /* RoutingController.swift */,
				77EC0DCB2C2346F5002FCB4F /* BridgeComponent+Piazza.swift */,
				77EC0DCD2C23473B002FCB4F /* NavMenuComponent.swift */,
				77EC0DC62C23389F002FCB4F /* PathDirectable.swift */,
				77EC0DC22C232A7C002FCB4F /* WebViewController.swift */,
				77EC0DC42C232B56002FCB4F /* ViewControllerVendor.swift */,
				77EC0DB92C224F8C002FCB4F /* BaseNavigationController.swift */,
				77EC0DBB2C225086002FCB4F /* path_configuration.json */,
				77EC0DBD2C2250D2002FCB4F /* Global.swift */,
				77EC0DAE2C2233C4002FCB4F /* Api.swift */,
				77EC0DB02C2234B9002FCB4F /* RootViewController.swift */,
				77EC0D7E2C1B5ED1002FCB4F /* SceneDelegate.swift */,
				77EC0DB22C224C66002FCB4F /* Localizable.strings */,
				77EC0D852C1B5ED2002FCB4F /* Assets.xcassets */,
				77EC0D872C1B5ED2002FCB4F /* LaunchScreen.storyboard */,
				77EC0D8A2C1B5ED2002FCB4F /* Info.plist */,
			);
			path = Piazza;
			sourceTree = "<group>";
		};
		77EC0D922C1B5ED2002FCB4F /* PiazzaTests */ = {
			isa = PBXGroup;
			children = (
				77EC0D932C1B5ED2002FCB4F /* PiazzaTests.swift */,
			);
			path = PiazzaTests;
			sourceTree = "<group>";
		};
		77EC0D9C2C1B5ED3002FCB4F /* PiazzaUITests */ = {
			isa = PBXGroup;
			children = (
				77EC0D9D2C1B5ED3002FCB4F /* PiazzaUITests.swift */,
				77EC0D9F2C1B5ED3002FCB4F /* PiazzaUITestsLaunchTests.swift */,
			);
			path = PiazzaUITests;
			sourceTree = "<group>";
		};
		77EC0DBF2C225593002FCB4F /* Frameworks */ = {
			isa = PBXGroup;
			children = (
			);
			name = Frameworks;
			sourceTree = "<group>";
		};
/* End PBXGroup section */

/* Begin PBXNativeTarget section */
		77EC0D782C1B5ED1002FCB4F /* Piazza */ = {
			isa = PBXNativeTarget;
			buildConfigurationList = 77EC0DA32C1B5ED3002FCB4F /* Build configuration list for PBXNativeTarget "Piazza" */;
			buildPhases = (
				77EC0D752C1B5ED1002FCB4F /* Sources */,
				77EC0D762C1B5ED1002FCB4F /* Frameworks */,
				77EC0D772C1B5ED1002FCB4F /* Resources */,
				77EC0DAD2C222E52002FCB4F /* ShellScript */,
			);
			buildRules = (
			);
			dependencies = (
			);
			name = Piazza;
			packageProductDependencies = (
				77EC0DC02C225593002FCB4F /* Turbo */,
				77EC0DC92C23462F002FCB4F /* Strada */,
			);
			productName = Piazza;
			productReference = 77EC0D792C1B5ED1002FCB4F /* Piazza.app */;
			productType = "com.apple.product-type.application";
		};
		77EC0D8E2C1B5ED2002FCB4F /* PiazzaTests */ = {
			isa = PBXNativeTarget;
			buildConfigurationList = 77EC0DA62C1B5ED3002FCB4F /* Build configuration list for PBXNativeTarget "PiazzaTests" */;
			buildPhases = (
				77EC0D8B2C1B5ED2002FCB4F /* Sources */,
				77EC0D8C2C1B5ED2002FCB4F /* Frameworks */,
				77EC0D8D2C1B5ED2002FCB4F /* Resources */,
			);
			buildRules = (
			);
			dependencies = (
				77EC0D912C1B5ED2002FCB4F /* PBXTargetDependency */,
			);
			name = PiazzaTests;
			productName = PiazzaTests;
			productReference = 77EC0D8F2C1B5ED2002FCB4F /* PiazzaTests.xctest */;
			productType = "com.apple.product-type.bundle.unit-test";
		};
		77EC0D982C1B5ED3002FCB4F /* PiazzaUITests */ = {
			isa = PBXNativeTarget;
			buildConfigurationList = 77EC0DA92C1B5ED3002FCB4F /* Build configuration list for PBXNativeTarget "PiazzaUITests" */;
			buildPhases = (
				77EC0D952C1B5ED3002FCB4F /* Sources */,
				77EC0D962C1B5ED3002FCB4F /* Frameworks */,
				77EC0D972C1B5ED3002FCB4F /* Resources */,
			);
			buildRules = (
			);
			dependencies = (
				77EC0D9B2C1B5ED3002FCB4F /* PBXTargetDependency */,
			);
			name = PiazzaUITests;
			productName = PiazzaUITests;
			productReference = 77EC0D992C1B5ED3002FCB4F /* PiazzaUITests.xctest */;
			productType = "com.apple.product-type.bundle.ui-testing";
		};
/* End PBXNativeTarget section */

/* Begin PBXProject section */
		77EC0D712C1B5ED1002FCB4F /* Project object */ = {
			isa = PBXProject;
			attributes = {
				BuildIndependentTargetsInParallel = 1;
				LastSwiftUpdateCheck = 1530;
				LastUpgradeCheck = 1530;
				TargetAttributes = {
					77EC0D782C1B5ED1002FCB4F = {
						CreatedOnToolsVersion = 15.3;
					};
					77EC0D8E2C1B5ED2002FCB4F = {
						CreatedOnToolsVersion = 15.3;
						TestTargetID = 77EC0D782C1B5ED1002FCB4F;
					};
					77EC0D982C1B5ED3002FCB4F = {
						CreatedOnToolsVersion = 15.3;
						TestTargetID = 77EC0D782C1B5ED1002FCB4F;
					};
				};
			};
			buildConfigurationList = 77EC0D742C1B5ED1002FCB4F /* Build configuration list for PBXProject "Piazza" */;
			compatibilityVersion = "Xcode 14.0";
			developmentRegion = en;
			hasScannedForEncodings = 0;
			knownRegions = (
				en,
				Base,
			);
			mainGroup = 77EC0D702C1B5ED1002FCB4F;
			packageReferences = (
				77EC0DAC2C1B5FD0002FCB4F /* XCRemoteSwiftPackageReference "turbo-ios" */,
				77EC0DC82C23462F002FCB4F /* XCRemoteSwiftPackageReference "strada-ios" */,
			);
			productRefGroup = 77EC0D7A2C1B5ED1002FCB4F /* Products */;
			projectDirPath = "";
			projectRoot = "";
			targets = (
				77EC0D782C1B5ED1002FCB4F /* Piazza */,
				77EC0D8E2C1B5ED2002FCB4F /* PiazzaTests */,
				77EC0D982C1B5ED3002FCB4F /* PiazzaUITests */,
			);
		};
/* End PBXProject section */

/* Begin PBXResourcesBuildPhase section */
		77EC0D772C1B5ED1002FCB4F /* Resources */ = {
			isa = PBXResourcesBuildPhase;
			buildActionMask = 2147483647;
			files = (
				77EC0D862C1B5ED2002FCB4F /* Assets.xcassets in Resources */,
				77EC0DB42C224C66002FCB4F /* Localizable.strings in Resources */,
				77EC0D892C1B5ED2002FCB4F /* Base in Resources */,
				77EC0DBC2C225086002FCB4F /* path_configuration.json in Resources */,
			);
			runOnlyForDeploymentPostprocessing = 0;
		};
		77EC0D8D2C1B5ED2002FCB4F /* Resources */ = {
			isa = PBXResourcesBuildPhase;
			buildActionMask = 2147483647;
			files = (
			);
			runOnlyForDeploymentPostprocessing = 0;
		};
		77EC0D972C1B5ED3002FCB4F /* Resources */ = {
			isa = PBXResourcesBuildPhase;
			buildActionMask = 2147483647;
			files = (
			);
			runOnlyForDeploymentPostprocessing = 0;
		};
/* End PBXResourcesBuildPhase section */

/* Begin PBXShellScriptBuildPhase section */
		77EC0DAD2C222E52002FCB4F /* ShellScript */ = {
			isa = PBXShellScriptBuildPhase;
			buildActionMask = 2147483647;
			files = (
			);
			inputFileListPaths = (
			);
			inputPaths = (
			);
			outputFileListPaths = (
			);
			outputPaths = (
			);
			runOnlyForDeploymentPostprocessing = 0;
			shellPath = /bin/sh;
			shellScript = "INFO_PLIST=\"${TARGET_BUILD_DIR}/${INFOPLIST_PATH}\"\nPLISTBUDDY=\"/usr/libexec/PlistBuddy\"\n\nif [ \"${CONFIGURATION}\" == \"Debug\" ]; then\n    $PLISTBUDDY -c \"Add :NSAppTransportSecurity dict\" \"${INFO_PLIST}\" || true\n    $PLISTBUDDY -c \"Add :NSAppTransportSecurity:NSAllowsArbitraryLoads bool true\" \"${INFO_PLIST}\" || true\n    $PLISTBUDDY -c \"Set :NSAppTransportSecurity:NSAllowsArbitraryLoads true\" \"${INFO_PLIST}\"\nelse\n    $PLISTBUDDY -c \"Delete :NSAppTransportSecurity:NSAllowsArbitraryLoads\" \"${INFO_PLIST}\" || true\nfi\n\nALLOWS_ARBITRARY_LOADS_ENABLED=$($PLISTBUDDY -c \"Print :NSAppTransportSecurity:NSAllowsArbitraryLoads\" \"${INFO_PLIST}\")\nif [ \"${ALLOWS_ARBITRARY_LOADS_ENABLED}\" == \"true\" ]; then\n  echo \"warning: ATS is disabled. :NSAppTransportSecurity:NSAllowsArbitraryLoads set to true. This is insecure and should not be used in release builds.\"\nfi\n\n";
		};
/* End PBXShellScriptBuildPhase section */

/* Begin PBXSourcesBuildPhase section */
		77EC0D752C1B5ED1002FCB4F /* Sources */ = {
			isa = PBXSourcesBuildPhase;
			buildActionMask = 2147483647;
			files = (
				77EC0DAF2C2233C4002FCB4F /* Api.swift in Sources */,
				77EC0D7D2C1B5ED1002FCB4F /* AppDelegate.swift in Sources */,
				77EC0DCC2C2346F5002FCB4F /* BridgeComponent+Piazza.swift in Sources */,
				77EC0DC52C232B56002FCB4F /* ViewControllerVendor.swift in Sources */,
				77EC0DBA2C224F8C002FCB4F /* BaseNavigationController.swift in Sources */,
				77EC0DB82C224F55002FCB4F /* RoutingController.swift in Sources */,
				77EC0DC72C23389F002FCB4F /* PathDirectable.swift in Sources */,
				77EC0DB12C2234B9002FCB4F /* RootViewController.swift in Sources */,
				77EC0D7F2C1B5ED1002FCB4F /* SceneDelegate.swift in Sources */,
				77EC0DBE2C2250D2002FCB4F /* Global.swift in Sources */,
				77EC0DCE2C23473B002FCB4F /* NavMenuComponent.swift in Sources */,
				77EC0DC32C232A7C002FCB4F /* WebViewController.swift in Sources */,
			);
			runOnlyForDeploymentPostprocessing = 0;
		};
		77EC0D8B2C1B5ED2002FCB4F /* Sources */ = {
			isa = PBXSourcesBuildPhase;
			buildActionMask = 2147483647;
			files = (
				77EC0D942C1B5ED2002FCB4F /* PiazzaTests.swift in Sources */,
			);
			runOnlyForDeploymentPostprocessing = 0;
		};
		77EC0D952C1B5ED3002FCB4F /* Sources */ = {
			isa = PBXSourcesBuildPhase;
			buildActionMask = 2147483647;
			files = (
				77EC0D9E2C1B5ED3002FCB4F /* PiazzaUITests.swift in Sources */,
				77EC0DA02C1B5ED3002FCB4F /* PiazzaUITestsLaunchTests.swift in Sources */,
			);
			runOnlyForDeploymentPostprocessing = 0;
		};
/* End PBXSourcesBuildPhase section */

/* Begin PBXTargetDependency section */
		77EC0D912C1B5ED2002FCB4F /* PBXTargetDependency */ = {
			isa = PBXTargetDependency;
			target = 77EC0D782C1B5ED1002FCB4F /* Piazza */;
			targetProxy = 77EC0D902C1B5ED2002FCB4F /* PBXContainerItemProxy */;
		};
		77EC0D9B2C1B5ED3002FCB4F /* PBXTargetDependency */ = {
			isa = PBXTargetDependency;
			target = 77EC0D782C1B5ED1002FCB4F /* Piazza */;
			targetProxy = 77EC0D9A2C1B5ED3002FCB4F /* PBXContainerItemProxy */;
		};
/* End PBXTargetDependency section */

/* Begin PBXVariantGroup section */
		77EC0D872C1B5ED2002FCB4F /* LaunchScreen.storyboard */ = {
			isa = PBXVariantGroup;
			children = (
				77EC0D882C1B5ED2002FCB4F /* Base */,
			);
			name = LaunchScreen.storyboard;
			sourceTree = "<group>";
		};
		77EC0DB22C224C66002FCB4F /* Localizable.strings */ = {
			isa = PBXVariantGroup;
			children = (
				77EC0DB32C224C66002FCB4F /* en */,
			);
			name = Localizable.strings;
			sourceTree = "<group>";
		};
/* End PBXVariantGroup section */

/* Begin XCBuildConfiguration section */
		77EC0DA12C1B5ED3002FCB4F /* Debug */ = {
			isa = XCBuildConfiguration;
			buildSettings = {
				ALWAYS_SEARCH_USER_PATHS = NO;
				ASSETCATALOG_COMPILER_GENERATE_SWIFT_ASSET_SYMBOL_EXTENSIONS = YES;
				CLANG_ANALYZER_NONNULL = YES;
				CLANG_ANALYZER_NUMBER_OBJECT_CONVERSION = YES_AGGRESSIVE;
				CLANG_CXX_LANGUAGE_STANDARD = "gnu++20";
				CLANG_ENABLE_MODULES = YES;
				CLANG_ENABLE_OBJC_ARC = YES;
				CLANG_ENABLE_OBJC_WEAK = YES;
				CLANG_WARN_BLOCK_CAPTURE_AUTORELEASING = YES;
				CLANG_WARN_BOOL_CONVERSION = YES;
				CLANG_WARN_COMMA = YES;
				CLANG_WARN_CONSTANT_CONVERSION = YES;
				CLANG_WARN_DEPRECATED_OBJC_IMPLEMENTATIONS = YES;
				CLANG_WARN_DIRECT_OBJC_ISA_USAGE = YES_ERROR;
				CLANG_WARN_DOCUMENTATION_COMMENTS = YES;
				CLANG_WARN_EMPTY_BODY = YES;
				CLANG_WARN_ENUM_CONVERSION = YES;
				CLANG_WARN_INFINITE_RECURSION = YES;
				CLANG_WARN_INT_CONVERSION = YES;
				CLANG_WARN_NON_LITERAL_NULL_CONVERSION = YES;
				CLANG_WARN_OBJC_IMPLICIT_RETAIN_SELF = YES;
				CLANG_WARN_OBJC_LITERAL_CONVERSION = YES;
				CLANG_WARN_OBJC_ROOT_CLASS = YES_ERROR;
				CLANG_WARN_QUOTED_INCLUDE_IN_FRAMEWORK_HEADER = YES;
				CLANG_WARN_RANGE_LOOP_ANALYSIS = YES;
				CLANG_WARN_STRICT_PROTOTYPES = YES;
				CLANG_WARN_SUSPICIOUS_MOVE = YES;
				CLANG_WARN_UNGUARDED_AVAILABILITY = YES_AGGRESSIVE;
				CLANG_WARN_UNREACHABLE_CODE = YES;
				CLANG_WARN__DUPLICATE_METHOD_MATCH = YES;
				COPY_PHASE_STRIP = NO;
				DEBUG_INFORMATION_FORMAT = dwarf;
				ENABLE_STRICT_OBJC_MSGSEND = YES;
				ENABLE_TESTABILITY = YES;
				ENABLE_USER_SCRIPT_SANDBOXING = YES;
				GCC_C_LANGUAGE_STANDARD = gnu17;
				GCC_DYNAMIC_NO_PIC = NO;
				GCC_NO_COMMON_BLOCKS = YES;
				GCC_OPTIMIZATION_LEVEL = 0;
				GCC_PREPROCESSOR_DEFINITIONS = (
					"DEBUG=1",
					"$(inherited)",
				);
				GCC_WARN_64_TO_32_BIT_CONVERSION = YES;
				GCC_WARN_ABOUT_RETURN_TYPE = YES_ERROR;
				GCC_WARN_UNDECLARED_SELECTOR = YES;
				GCC_WARN_UNINITIALIZED_AUTOS = YES_AGGRESSIVE;
				GCC_WARN_UNUSED_FUNCTION = YES;
				GCC_WARN_UNUSED_VARIABLE = YES;
				IPHONEOS_DEPLOYMENT_TARGET = 17.4;
				LOCALIZATION_PREFERS_STRING_CATALOGS = YES;
				MTL_ENABLE_DEBUG_INFO = INCLUDE_SOURCE;
				MTL_FAST_MATH = YES;
				ONLY_ACTIVE_ARCH = YES;
				SDKROOT = iphoneos;
				SWIFT_ACTIVE_COMPILATION_CONDITIONS = "DEBUG $(inherited)";
				SWIFT_OPTIMIZATION_LEVEL = "-Onone";
			};
			name = Debug;
		};
		77EC0DA22C1B5ED3002FCB4F /* Release */ = {
			isa = XCBuildConfiguration;
			buildSettings = {
				ALWAYS_SEARCH_USER_PATHS = NO;
				ASSETCATALOG_COMPILER_GENERATE_SWIFT_ASSET_SYMBOL_EXTENSIONS = YES;
				CLANG_ANALYZER_NONNULL = YES;
				CLANG_ANALYZER_NUMBER_OBJECT_CONVERSION = YES_AGGRESSIVE;
				CLANG_CXX_LANGUAGE_STANDARD = "gnu++20";
				CLANG_ENABLE_MODULES = YES;
				CLANG_ENABLE_OBJC_ARC = YES;
				CLANG_ENABLE_OBJC_WEAK = YES;
				CLANG_WARN_BLOCK_CAPTURE_AUTORELEASING = YES;
				CLANG_WARN_BOOL_CONVERSION = YES;
				CLANG_WARN_COMMA = YES;
				CLANG_WARN_CONSTANT_CONVERSION = YES;
				CLANG_WARN_DEPRECATED_OBJC_IMPLEMENTATIONS = YES;
				CLANG_WARN_DIRECT_OBJC_ISA_USAGE = YES_ERROR;
				CLANG_WARN_DOCUMENTATION_COMMENTS = YES;
				CLANG_WARN_EMPTY_BODY = YES;
				CLANG_WARN_ENUM_CONVERSION = YES;
				CLANG_WARN_INFINITE_RECURSION = YES;
				CLANG_WARN_INT_CONVERSION = YES;
				CLANG_WARN_NON_LITERAL_NULL_CONVERSION = YES;
				CLANG_WARN_OBJC_IMPLICIT_RETAIN_SELF = YES;
				CLANG_WARN_OBJC_LITERAL_CONVERSION = YES;
				CLANG_WARN_OBJC_ROOT_CLASS = YES_ERROR;
				CLANG_WARN_QUOTED_INCLUDE_IN_FRAMEWORK_HEADER = YES;
				CLANG_WARN_RANGE_LOOP_ANALYSIS = YES;
				CLANG_WARN_STRICT_PROTOTYPES = YES;
				CLANG_WARN_SUSPICIOUS_MOVE = YES;
				CLANG_WARN_UNGUARDED_AVAILABILITY = YES_AGGRESSIVE;
				CLANG_WARN_UNREACHABLE_CODE = YES;
				CLANG_WARN__DUPLICATE_METHOD_MATCH = YES;
				COPY_PHASE_STRIP = NO;
				DEBUG_INFORMATION_FORMAT = "dwarf-with-dsym";
				ENABLE_NS_ASSERTIONS = NO;
				ENABLE_STRICT_OBJC_MSGSEND = YES;
				ENABLE_USER_SCRIPT_SANDBOXING = YES;
				GCC_C_LANGUAGE_STANDARD = gnu17;
				GCC_NO_COMMON_BLOCKS = YES;
				GCC_WARN_64_TO_32_BIT_CONVERSION = YES;
				GCC_WARN_ABOUT_RETURN_TYPE = YES_ERROR;
				GCC_WARN_UNDECLARED_SELECTOR = YES;
				GCC_WARN_UNINITIALIZED_AUTOS = YES_AGGRESSIVE;
				GCC_WARN_UNUSED_FUNCTION = YES;
				GCC_WARN_UNUSED_VARIABLE = YES;
				IPHONEOS_DEPLOYMENT_TARGET = 17.4;
				LOCALIZATION_PREFERS_STRING_CATALOGS = YES;
				MTL_ENABLE_DEBUG_INFO = NO;
				MTL_FAST_MATH = YES;
				SDKROOT = iphoneos;
				SWIFT_COMPILATION_MODE = wholemodule;
				VALIDATE_PRODUCT = YES;
			};
			name = Release;
		};
		77EC0DA42C1B5ED3002FCB4F /* Debug */ = {
			isa = XCBuildConfiguration;
			buildSettings = {
				ASSETCATALOG_COMPILER_APPICON_NAME = AppIcon;
				ASSETCATALOG_COMPILER_GLOBAL_ACCENT_COLOR_NAME = AccentColor;
				CODE_SIGN_STYLE = Automatic;
				CURRENT_PROJECT_VERSION = 1;
				GENERATE_INFOPLIST_FILE = YES;
				INFOPLIST_FILE = Piazza/Info.plist;
				INFOPLIST_KEY_UIApplicationSupportsIndirectInputEvents = YES;
				INFOPLIST_KEY_UILaunchStoryboardName = LaunchScreen;
				INFOPLIST_KEY_UIMainStoryboardFile = "";
				INFOPLIST_KEY_UISupportedInterfaceOrientations_iPad = "UIInterfaceOrientationPortrait UIInterfaceOrientationPortraitUpsideDown UIInterfaceOrientationLandscapeLeft UIInterfaceOrientationLandscapeRight";
				INFOPLIST_KEY_UISupportedInterfaceOrientations_iPhone = "UIInterfaceOrientationPortrait UIInterfaceOrientationLandscapeLeft UIInterfaceOrientationLandscapeRight";
				LD_RUNPATH_SEARCH_PATHS = (
					"$(inherited)",
					"@executable_path/Frameworks",
				);
				MARKETING_VERSION = 1.0;
				PRODUCT_BUNDLE_IDENTIFIER = com.wymdev.Piazza;
				PRODUCT_NAME = "$(TARGET_NAME)";
				SWIFT_EMIT_LOC_STRINGS = YES;
				SWIFT_VERSION = 5.0;
				TARGETED_DEVICE_FAMILY = "1,2";
			};
			name = Debug;
		};
		77EC0DA52C1B5ED3002FCB4F /* Release */ = {
			isa = XCBuildConfiguration;
			buildSettings = {
				ASSETCATALOG_COMPILER_APPICON_NAME = AppIcon;
				ASSETCATALOG_COMPILER_GLOBAL_ACCENT_COLOR_NAME = AccentColor;
				CODE_SIGN_STYLE = Automatic;
				CURRENT_PROJECT_VERSION = 1;
				GENERATE_INFOPLIST_FILE = YES;
				INFOPLIST_FILE = Piazza/Info.plist;
				INFOPLIST_KEY_UIApplicationSupportsIndirectInputEvents = YES;
				INFOPLIST_KEY_UILaunchStoryboardName = LaunchScreen;
				INFOPLIST_KEY_UIMainStoryboardFile = "";
				INFOPLIST_KEY_UISupportedInterfaceOrientations_iPad = "UIInterfaceOrientationPortrait UIInterfaceOrientationPortraitUpsideDown UIInterfaceOrientationLandscapeLeft UIInterfaceOrientationLandscapeRight";
				INFOPLIST_KEY_UISupportedInterfaceOrientations_iPhone = "UIInterfaceOrientationPortrait UIInterfaceOrientationLandscapeLeft UIInterfaceOrientationLandscapeRight";
				LD_RUNPATH_SEARCH_PATHS = (
					"$(inherited)",
					"@executable_path/Frameworks",
				);
				MARKETING_VERSION = 1.0;
				PRODUCT_BUNDLE_IDENTIFIER = com.wymdev.Piazza;
				PRODUCT_NAME = "$(TARGET_NAME)";
				SWIFT_EMIT_LOC_STRINGS = YES;
				SWIFT_VERSION = 5.0;
				TARGETED_DEVICE_FAMILY = "1,2";
			};
			name = Release;
		};
		77EC0DA72C1B5ED3002FCB4F /* Debug */ = {
			isa = XCBuildConfiguration;
			buildSettings = {
				ALWAYS_EMBED_SWIFT_STANDARD_LIBRARIES = YES;
				BUNDLE_LOADER = "$(TEST_HOST)";
				CODE_SIGN_STYLE = Automatic;
				CURRENT_PROJECT_VERSION = 1;
				GENERATE_INFOPLIST_FILE = YES;
				IPHONEOS_DEPLOYMENT_TARGET = 17.4;
				MARKETING_VERSION = 1.0;
				PRODUCT_BUNDLE_IDENTIFIER = com.wymdev.PiazzaTests;
				PRODUCT_NAME = "$(TARGET_NAME)";
				SWIFT_EMIT_LOC_STRINGS = NO;
				SWIFT_VERSION = 5.0;
				TARGETED_DEVICE_FAMILY = "1,2";
				TEST_HOST = "$(BUILT_PRODUCTS_DIR)/Piazza.app/$(BUNDLE_EXECUTABLE_FOLDER_PATH)/Piazza";
			};
			name = Debug;
		};
		77EC0DA82C1B5ED3002FCB4F /* Release */ = {
			isa = XCBuildConfiguration;
			buildSettings = {
				ALWAYS_EMBED_SWIFT_STANDARD_LIBRARIES = YES;
				BUNDLE_LOADER = "$(TEST_HOST)";
				CODE_SIGN_STYLE = Automatic;
				CURRENT_PROJECT_VERSION = 1;
				GENERATE_INFOPLIST_FILE = YES;
				IPHONEOS_DEPLOYMENT_TARGET = 17.4;
				MARKETING_VERSION = 1.0;
				PRODUCT_BUNDLE_IDENTIFIER = com.wymdev.PiazzaTests;
				PRODUCT_NAME = "$(TARGET_NAME)";
				SWIFT_EMIT_LOC_STRINGS = NO;
				SWIFT_VERSION = 5.0;
				TARGETED_DEVICE_FAMILY = "1,2";
				TEST_HOST = "$(BUILT_PRODUCTS_DIR)/Piazza.app/$(BUNDLE_EXECUTABLE_FOLDER_PATH)/Piazza";
			};
			name = Release;
		};
		77EC0DAA2C1B5ED3002FCB4F /* Debug */ = {
			isa = XCBuildConfiguration;
			buildSettings = {
				ALWAYS_EMBED_SWIFT_STANDARD_LIBRARIES = YES;
				CODE_SIGN_STYLE = Automatic;
				CURRENT_PROJECT_VERSION = 1;
				GENERATE_INFOPLIST_FILE = YES;
				MARKETING_VERSION = 1.0;
				PRODUCT_BUNDLE_IDENTIFIER = com.wymdev.PiazzaUITests;
				PRODUCT_NAME = "$(TARGET_NAME)";
				SWIFT_EMIT_LOC_STRINGS = NO;
				SWIFT_VERSION = 5.0;
				TARGETED_DEVICE_FAMILY = "1,2";
				TEST_TARGET_NAME = Piazza;
			};
			name = Debug;
		};
		77EC0DAB2C1B5ED3002FCB4F /* Release */ = {
			isa = XCBuildConfiguration;
			buildSettings = {
				ALWAYS_EMBED_SWIFT_STANDARD_LIBRARIES = YES;
				CODE_SIGN_STYLE = Automatic;
				CURRENT_PROJECT_VERSION = 1;
				GENERATE_INFOPLIST_FILE = YES;
				MARKETING_VERSION = 1.0;
				PRODUCT_BUNDLE_IDENTIFIER = com.wymdev.PiazzaUITests;
				PRODUCT_NAME = "$(TARGET_NAME)";
				SWIFT_EMIT_LOC_STRINGS = NO;
				SWIFT_VERSION = 5.0;
				TARGETED_DEVICE_FAMILY = "1,2";
				TEST_TARGET_NAME = Piazza;
			};
			name = Release;
		};
/* End XCBuildConfiguration section */

/* Begin XCConfigurationList section */
		77EC0D742C1B5ED1002FCB4F /* Build configuration list for PBXProject "Piazza" */ = {
			isa = XCConfigurationList;
			buildConfigurations = (
				77EC0DA12C1B5ED3002FCB4F /* Debug */,
				77EC0DA22C1B5ED3002FCB4F /* Release */,
			);
			defaultConfigurationIsVisible = 0;
			defaultConfigurationName = Release;
		};
		77EC0DA32C1B5ED3002FCB4F /* Build configuration list for PBXNativeTarget "Piazza" */ = {
			isa = XCConfigurationList;
			buildConfigurations = (
				77EC0DA42C1B5ED3002FCB4F /* Debug */,
				77EC0DA52C1B5ED3002FCB4F /* Release */,
			);
			defaultConfigurationIsVisible = 0;
			defaultConfigurationName = Release;
		};
		77EC0DA62C1B5ED3002FCB4F /* Build configuration list for PBXNativeTarget "PiazzaTests" */ = {
			isa = XCConfigurationList;
			buildConfigurations = (
				77EC0DA72C1B5ED3002FCB4F /* Debug */,
				77EC0DA82C1B5ED3002FCB4F /* Release */,
			);
			defaultConfigurationIsVisible = 0;
			defaultConfigurationName = Release;
		};
		77EC0DA92C1B5ED3002FCB4F /* Build configuration list for PBXNativeTarget "PiazzaUITests" */ = {
			isa = XCConfigurationList;
			buildConfigurations = (
				77EC0DAA2C1B5ED3002FCB4F /* Debug */,
				77EC0DAB2C1B5ED3002FCB4F /* Release */,
			);
			defaultConfigurationIsVisible = 0;
			defaultConfigurationName = Release;
		};
/* End XCConfigurationList section */

/* Begin XCRemoteSwiftPackageReference section */
		77EC0DAC2C1B5FD0002FCB4F /* XCRemoteSwiftPackageReference "turbo-ios" */ = {
			isa = XCRemoteSwiftPackageReference;
			repositoryURL = "https://github.com/hotwired/turbo-ios";
			requirement = {
				kind = upToNextMinorVersion;
				minimumVersion = 7.1.0;
			};
		};
		77EC0DC82C23462F002FCB4F /* XCRemoteSwiftPackageReference "strada-ios" */ = {
			isa = XCRemoteSwiftPackageReference;
			repositoryURL = "https://github.com/hotwired/strada-ios";
			requirement = {
				branch = main;
				kind = branch;
			};
		};
/* End XCRemoteSwiftPackageReference section */

/* Begin XCSwiftPackageProductDependency section */
		77EC0DC02C225593002FCB4F /* Turbo */ = {
			isa = XCSwiftPackageProductDependency;
			package = 77EC0DAC2C1B5FD0002FCB4F /* XCRemoteSwiftPackageReference "turbo-ios" */;
			productName = Turbo;
		};
		77EC0DC92C23462F002FCB4F /* Strada */ = {
			isa = XCSwiftPackageProductDependency;
			package = 77EC0DC82C23462F002FCB4F /* XCRemoteSwiftPackageReference "strada-ios" */;
			productName = Strada;
		};
/* End XCSwiftPackageProductDependency section */
	};
	rootObject = 77EC0D712C1B5ED1002FCB4F /* Project object */;
}
